
Microsoft Visual Studio Solution File, Format Version 12.00
# Visual Studio Version 17
VisualStudioVersion = 17.0.31903.59
MinimumVisualStudioVersion = 10.0.40219.1
Project("{9A19103F-16F7-4668-BE54-9A1E7A4F7556}") = "NBXplorer", "NBXplorer\NBXplorer.csproj", "{9C18B7C4-8FA8-4DBC-8E11-2C7C302D4CD9}"
EndProject
Project("{9A19103F-16F7-4668-BE54-9A1E7A4F7556}") = "NBXplorer.Tests", "NBXplorer.Tests\NBXplorer.Tests.csproj", "{F1F294B4-C7B2-439E-90B6-9A90815B0D51}"
EndProject
Project("{9A19103F-16F7-4668-BE54-9A1E7A4F7556}") = "NBXplorer.Client", "NBXplorer.Client\NBXplorer.Client.csproj", "{D62CE99D-C25A-407F-8104-0BEFD12A3B5D}"
EndProject
Project("{2150E333-8FDC-42A3-9474-1A3956D46DE8}") = "SolutionFiles", "SolutionFiles", "{E5A765B1-3F91-4D13-9501-EED582AD2BDB}"
	ProjectSection(SolutionItems) = preProject
		.dockerignore = .dockerignore
		docs\API.md = docs\API.md
		.circleci\config.yml = .circleci\config.yml
		docker-compose.regtest.yml = docker-compose.regtest.yml
		Dockerfile.linuxamd64 = Dockerfile.linuxamd64
		Dockerfile.linuxarm32v7 = Dockerfile.linuxarm32v7
		Dockerfile.linuxarm64v8 = Dockerfile.linuxarm64v8
		global.json = global.json
		.circleci\run-tests.sh = .circleci\run-tests.sh
	EndProjectSection
EndProject
Global
	GlobalSection(SolutionConfigurationPlatforms) = preSolution
		Debug|Any CPU = Debug|Any CPU
		Release|Any CPU = Release|Any CPU
	EndGlobalSection
	GlobalSection(ProjectConfigurationPlatforms) = postSolution
		{9C18B7C4-8FA8-4DBC-8E11-2C7C302D4CD9}.Debug|Any CPU.ActiveCfg = Debug|Any CPU
		{9C18B7C4-8FA8-4DBC-8E11-2C7C302D4CD9}.Debug|Any CPU.Build.0 = Debug|Any CPU
		{9C18B7C4-8FA8-4DBC-8E11-2C7C302D4CD9}.Release|Any CPU.ActiveCfg = Release|Any CPU
		{9C18B7C4-8FA8-4DBC-8E11-2C7C302D4CD9}.Release|Any CPU.Build.0 = Release|Any CPU
		{F1F294B4-C7B2-439E-90B6-9A90815B0D51}.Debug|Any CPU.ActiveCfg = Debug|Any CPU
		{F1F294B4-C7B2-439E-90B6-9A90815B0D51}.Debug|Any CPU.Build.0 = Debug|Any CPU
		{F1F294B4-C7B2-439E-90B6-9A90815B0D51}.Release|Any CPU.ActiveCfg = Release|Any CPU
		{F1F294B4-C7B2-439E-90B6-9A90815B0D51}.Release|Any CPU.Build.0 = Release|Any CPU
		{D62CE99D-C25A-407F-8104-0BEFD12A3B5D}.Debug|Any CPU.ActiveCfg = Debug|Any CPU
		{D62CE99D-C25A-407F-8104-0BEFD12A3B5D}.Debug|Any CPU.Build.0 = Debug|Any CPU
		{D62CE99D-C25A-407F-8104-0BEFD12A3B5D}.Release|Any CPU.ActiveCfg = Release|Any CPU
		{D62CE99D-C25A-407F-8104-0BEFD12A3B5D}.Release|Any CPU.Build.0 = Release|Any CPU
	EndGlobalSection
	GlobalSection(SolutionProperties) = preSolution
		HideSolutionNode = FALSE
	EndGlobalSection
	GlobalSection(ExtensibilityGlobals) = postSolution
		SolutionGuid = {2C5BFB01-1F28-40CC-8E15-C8DEA3C32698}
	EndGlobalSection
EndGlobal
